
Microsoft Visual Studio Solution File, Format Version 12.00
# Visual Studio Version 17
VisualStudioVersion = 17.12.35514.174
MinimumVisualStudioVersion = 10.0.40219.1
Project("{8BC9CEB8-8B4A-11D0-8D11-00A0C91BC942}") = "SandBox", "SandBox\SandBox.vcxproj", "{0A22F1DD-9D87-4D15-9F28-8BF801C631EE}"
EndProject
Project("{8BC9CEB8-8B4A-11D0-8D11-00A0C91BC942}") = "GearUp", "GearUp.vcxproj", "{5EF2FD95-F353-4BEB-8BAA-19F8AB63370E}"
EndProject
Global
	GlobalSection(SolutionConfigurationPlatforms) = preSolution
		Debug|x64 = Debug|x64
		Debug|x86 = Debug|x86
		Release|x64 = Release|x64
		Release|x86 = Release|x86
	EndGlobalSection
	GlobalSection(ProjectConfigurationPlatforms) = postSolution
		{5EF2FD95-F353-4BEB-8BAA-19F8AB63370E}.Debug|x64.ActiveCfg = Debug|x64
		{5EF2FD95-F353-4BEB-8BAA-19F8AB63370E}.Debug|x64.Build.0 = Debug|x64
		{5EF2FD95-F353-4BEB-8BAA-19F8AB63370E}.Debug|x86.ActiveCfg = Debug|x64
		{5EF2FD95-F353-4BEB-8BAA-19F8AB63370E}.Release|x64.ActiveCfg = Release|x64
		{5EF2FD95-F353-4BEB-8BAA-19F8AB63370E}.Release|x64.Build.0 = Release|x64
		{5EF2FD95-F353-4BEB-8BAA-19F8AB63370E}.Release|x86.ActiveCfg = Release|x64
		{0A22F1DD-9D87-4D15-9F28-8BF801C631EE}.Debug|x64.ActiveCfg = Debug|x64
		{0A22F1DD-9D87-4D15-9F28-8BF801C631EE}.Debug|x64.Build.0 = Debug|x64
		{0A22F1DD-9D87-4D15-9F28-8BF801C631EE}.Debug|x86.ActiveCfg = Debug|x64
		{0A22F1DD-9D87-4D15-9F28-8BF801C631EE}.Release|x64.ActiveCfg = Release|x64
		{0A22F1DD-9D87-4D15-9F28-8BF801C631EE}.Release|x64.Build.0 = Release|x64
		{0A22F1DD-9D87-4D15-9F28-8BF801C631EE}.Release|x86.ActiveCfg = Release|x64
	EndGlobalSection
	GlobalSection(SolutionProperties) = preSolution
		HideSolutionNode = FALSE
	EndGlobalSection
EndGlobal
